
Microsoft Visual Studio Solution File, Format Version 12.00
# Visual Studio Version 17
VisualStudioVersion = 17.5.002.0
MinimumVisualStudioVersion = 10.0.40219.1
Project("{9A19103F-16F7-4668-BE54-9A1E7A4F7556}") = "axercicio1-atividade2", "axercicio1-atividade2.csproj", "{9280241E-4359-40E1-90E2-973AC36490B0}"
EndProject
Global
	GlobalSection(SolutionConfigurationPlatforms) = preSolution
		Debug|Any CPU = Debug|Any CPU
		Release|Any CPU = Release|Any CPU
	EndGlobalSection
	GlobalSection(ProjectConfigurationPlatforms) = postSolution
		{9280241E-4359-40E1-90E2-973AC36490B0}.Debug|Any CPU.ActiveCfg = Debug|Any CPU
		{9280241E-4359-40E1-90E2-973AC36490B0}.Debug|Any CPU.Build.0 = Debug|Any CPU
		{9280241E-4359-40E1-90E2-973AC36490B0}.Release|Any CPU.ActiveCfg = Release|Any CPU
		{9280241E-4359-40E1-90E2-973AC36490B0}.Release|Any CPU.Build.0 = Release|Any CPU
	EndGlobalSection
	GlobalSection(SolutionProperties) = preSolution
		HideSolutionNode = FALSE
	EndGlobalSection
	GlobalSection(ExtensibilityGlobals) = postSolution
		SolutionGuid = {383301D8-77B1-489C-9714-82EA1DA372D0}
	EndGlobalSection
EndGlobal
